
Microsoft Visual Studio Solution File, Format Version 12.00
# Visual Studio Version 16
VisualStudioVersion = 16.0.30717.126
MinimumVisualStudioVersion = 10.0.40219.1
Project("{2150E333-8FDC-42A3-9474-1A3956D46DE8}") = "src", "src", "{2BA7B85C-387B-4295-A062-D8F9C8977E0D}"
EndProject
Project("{2150E333-8FDC-42A3-9474-1A3956D46DE8}") = "test", "test", "{F0469315-5B6C-4423-81B9-6B66B63E01DD}"
EndProject
Project("{2150E333-8FDC-42A3-9474-1A3956D46DE8}") = "API", "API", "{50D25ABA-ACD7-4D3A-BD0E-4D0EC8AD12C8}"
EndProject
Project("{2150E333-8FDC-42A3-9474-1A3956D46DE8}") = "UI", "UI", "{7AA76232-9151-4684-9396-3712CB4A8C21}"
EndProject
Project("{2150E333-8FDC-42A3-9474-1A3956D46DE8}") = "Core", "Core", "{4B07AB00-31FE-4776-8EA5-144703AE83F7}"
EndProject
Project("{2150E333-8FDC-42A3-9474-1A3956D46DE8}") = "Infrastructure", "Infrastructure", "{11283D1D-CB6B-47BB-8AAD-CE1CD4DA51B6}"
EndProject
Project("{FAE04EC0-301F-11D3-BF4B-00C04F79EFBC}") = "GloboTicket.TicketManagement.Domain", "GloboTicket.TicketManagement.Domain\GloboTicket.TicketManagement.Domain.csproj", "{2BF41A2C-3036-4898-80DB-C55734CB24ED}"
EndProject
Project("{FAE04EC0-301F-11D3-BF4B-00C04F79EFBC}") = "GloboTicket.TicketManagement.Application", "GloboTicket.TicketManagement.Application\GloboTicket.TicketManagement.Application.csproj", "{D69921B5-30D9-40CF-B8C5-648A5B927FF5}"
EndProject
Global
	GlobalSection(SolutionConfigurationPlatforms) = preSolution
		Debug|Any CPU = Debug|Any CPU
		Release|Any CPU = Release|Any CPU
	EndGlobalSection
	GlobalSection(ProjectConfigurationPlatforms) = postSolution
		{2BF41A2C-3036-4898-80DB-C55734CB24ED}.Debug|Any CPU.ActiveCfg = Debug|Any CPU
		{2BF41A2C-3036-4898-80DB-C55734CB24ED}.Debug|Any CPU.Build.0 = Debug|Any CPU
		{2BF41A2C-3036-4898-80DB-C55734CB24ED}.Release|Any CPU.ActiveCfg = Release|Any CPU
		{2BF41A2C-3036-4898-80DB-C55734CB24ED}.Release|Any CPU.Build.0 = Release|Any CPU
		{D69921B5-30D9-40CF-B8C5-648A5B927FF5}.Debug|Any CPU.ActiveCfg = Debug|Any CPU
		{D69921B5-30D9-40CF-B8C5-648A5B927FF5}.Debug|Any CPU.Build.0 = Debug|Any CPU
		{D69921B5-30D9-40CF-B8C5-648A5B927FF5}.Release|Any CPU.ActiveCfg = Release|Any CPU
		{D69921B5-30D9-40CF-B8C5-648A5B927FF5}.Release|Any CPU.Build.0 = Release|Any CPU
	EndGlobalSection
	GlobalSection(SolutionProperties) = preSolution
		HideSolutionNode = FALSE
	EndGlobalSection
	GlobalSection(NestedProjects) = preSolution
		{50D25ABA-ACD7-4D3A-BD0E-4D0EC8AD12C8} = {2BA7B85C-387B-4295-A062-D8F9C8977E0D}
		{7AA76232-9151-4684-9396-3712CB4A8C21} = {2BA7B85C-387B-4295-A062-D8F9C8977E0D}
		{4B07AB00-31FE-4776-8EA5-144703AE83F7} = {2BA7B85C-387B-4295-A062-D8F9C8977E0D}
		{11283D1D-CB6B-47BB-8AAD-CE1CD4DA51B6} = {2BA7B85C-387B-4295-A062-D8F9C8977E0D}
		{2BF41A2C-3036-4898-80DB-C55734CB24ED} = {4B07AB00-31FE-4776-8EA5-144703AE83F7}
		{D69921B5-30D9-40CF-B8C5-648A5B927FF5} = {4B07AB00-31FE-4776-8EA5-144703AE83F7}
	EndGlobalSection
	GlobalSection(ExtensibilityGlobals) = postSolution
		SolutionGuid = {5EE6D264-E59D-456F-8C12-6B7E41F5504A}
	EndGlobalSection
EndGlobal
